
Microsoft Visual Studio Solution File, Format Version 12.00
# Visual Studio 14
VisualStudioVersion = 14.0.25420.1
MinimumVisualStudioVersion = 10.0.40219.1
Project("{FAE04EC0-301F-11D3-BF4B-00C04F79EFBC}") = "StatusBoard.Owin", "StatusBoard.Owin\StatusBoard.Owin.csproj", "{FFCC42F6-F42E-4C1C-AAD3-18BF3244EC46}"
EndProject
Project("{FAE04EC0-301F-11D3-BF4B-00C04F79EFBC}") = "StatusBoard.Demo", "StatusBoard.Demo\StatusBoard.Demo.csproj", "{8052DA29-A2F8-4583-BA2E-CEA49B8F63C2}"
EndProject
Project("{FAE04EC0-301F-11D3-BF4B-00C04F79EFBC}") = "StatusBoard.Core", "StatusBoard.Core\StatusBoard.Core.csproj", "{76D416DA-32FA-4408-AEA5-9E751BB83D31}"
EndProject
Project("{2150E333-8FDC-42A3-9474-1A3956D46DE8}") = "nuget", "nuget", "{B5DEBB8F-F371-47E1-A774-FFB19FA9AD7B}"
	ProjectSection(SolutionItems) = preProject
		nuget\MakePackage.ps1 = nuget\MakePackage.ps1
		nuget\ReleaseNotes.txt = nuget\ReleaseNotes.txt
		nuget\StatusBoard.AspNetCore.nuspec = nuget\StatusBoard.AspNetCore.nuspec
		nuget\StatusBoard.Owin.nuspec = nuget\StatusBoard.Owin.nuspec
	EndProjectSection
EndProject
Project("{2150E333-8FDC-42A3-9474-1A3956D46DE8}") = "Solution Items", "Solution Items", "{A0480AF8-4A10-4C15-9528-D495C673854E}"
	ProjectSection(SolutionItems) = preProject
		CONTRIBUTORS.txt = CONTRIBUTORS.txt
		LICENSE = LICENSE
		README.md = README.md
		VersionInfo.cs = VersionInfo.cs
	EndProjectSection
EndProject
Project("{FAE04EC0-301F-11D3-BF4B-00C04F79EFBC}") = "StatusBoard.AspNetCore", "StatusBoard.AspNetCore\StatusBoard.AspNetCore.csproj", "{04175758-6FB3-40D8-A484-572EA8A9CCE3}"
EndProject
Project("{8BB2217D-0F2D-49D1-97BC-3654ED321F3B}") = "StatusBoard.AspNetCore.Demo", "StatusBoard.AspNetCore.Demo\StatusBoard.AspNetCore.Demo.xproj", "{08AFB531-7DFA-43B6-917A-AFF5AFED3EEE}"
EndProject
Global
	GlobalSection(SolutionConfigurationPlatforms) = preSolution
		Debug|Any CPU = Debug|Any CPU
		Release|Any CPU = Release|Any CPU
	EndGlobalSection
	GlobalSection(ProjectConfigurationPlatforms) = postSolution
		{FFCC42F6-F42E-4C1C-AAD3-18BF3244EC46}.Debug|Any CPU.ActiveCfg = Debug|Any CPU
		{FFCC42F6-F42E-4C1C-AAD3-18BF3244EC46}.Debug|Any CPU.Build.0 = Debug|Any CPU
		{FFCC42F6-F42E-4C1C-AAD3-18BF3244EC46}.Release|Any CPU.ActiveCfg = Release|Any CPU
		{FFCC42F6-F42E-4C1C-AAD3-18BF3244EC46}.Release|Any CPU.Build.0 = Release|Any CPU
		{8052DA29-A2F8-4583-BA2E-CEA49B8F63C2}.Debug|Any CPU.ActiveCfg = Debug|Any CPU
		{8052DA29-A2F8-4583-BA2E-CEA49B8F63C2}.Debug|Any CPU.Build.0 = Debug|Any CPU
		{8052DA29-A2F8-4583-BA2E-CEA49B8F63C2}.Release|Any CPU.ActiveCfg = Release|Any CPU
		{8052DA29-A2F8-4583-BA2E-CEA49B8F63C2}.Release|Any CPU.Build.0 = Release|Any CPU
		{76D416DA-32FA-4408-AEA5-9E751BB83D31}.Debug|Any CPU.ActiveCfg = Debug|Any CPU
		{76D416DA-32FA-4408-AEA5-9E751BB83D31}.Debug|Any CPU.Build.0 = Debug|Any CPU
		{76D416DA-32FA-4408-AEA5-9E751BB83D31}.Release|Any CPU.ActiveCfg = Release|Any CPU
		{76D416DA-32FA-4408-AEA5-9E751BB83D31}.Release|Any CPU.Build.0 = Release|Any CPU
		{04175758-6FB3-40D8-A484-572EA8A9CCE3}.Debug|Any CPU.ActiveCfg = Debug|Any CPU
		{04175758-6FB3-40D8-A484-572EA8A9CCE3}.Debug|Any CPU.Build.0 = Debug|Any CPU
		{04175758-6FB3-40D8-A484-572EA8A9CCE3}.Release|Any CPU.ActiveCfg = Release|Any CPU
		{04175758-6FB3-40D8-A484-572EA8A9CCE3}.Release|Any CPU.Build.0 = Release|Any CPU
		{08AFB531-7DFA-43B6-917A-AFF5AFED3EEE}.Debug|Any CPU.ActiveCfg = Debug|Any CPU
		{08AFB531-7DFA-43B6-917A-AFF5AFED3EEE}.Debug|Any CPU.Build.0 = Debug|Any CPU
		{08AFB531-7DFA-43B6-917A-AFF5AFED3EEE}.Release|Any CPU.ActiveCfg = Release|Any CPU
		{08AFB531-7DFA-43B6-917A-AFF5AFED3EEE}.Release|Any CPU.Build.0 = Release|Any CPU
	EndGlobalSection
	GlobalSection(SolutionProperties) = preSolution
		HideSolutionNode = FALSE
	EndGlobalSection
EndGlobal
