
Microsoft Visual Studio Solution File, Format Version 12.00
# Visual Studio 14
VisualStudioVersion = 14.0.25123.0
MinimumVisualStudioVersion = 10.0.40219.1
Project("{FAE04EC0-301F-11D3-BF4B-00C04F79EFBC}") = "StatusBoard.Owin", "StatusBoard.Owin\StatusBoard.Owin.csproj", "{FFCC42F6-F42E-4C1C-AAD3-18BF3244EC46}"
EndProject
Project("{FAE04EC0-301F-11D3-BF4B-00C04F79EFBC}") = "StatusBoard.Demo", "StatusBoard.Demo\StatusBoard.Demo.csproj", "{8052DA29-A2F8-4583-BA2E-CEA49B8F63C2}"
EndProject
Project("{FAE04EC0-301F-11D3-BF4B-00C04F79EFBC}") = "StatusBoard.Core", "StatusBoard.Core\StatusBoard.Core.csproj", "{76D416DA-32FA-4408-AEA5-9E751BB83D31}"
EndProject
Global
	GlobalSection(SolutionConfigurationPlatforms) = preSolution
		Debug|Any CPU = Debug|Any CPU
		Release|Any CPU = Release|Any CPU
	EndGlobalSection
	GlobalSection(ProjectConfigurationPlatforms) = postSolution
		{FFCC42F6-F42E-4C1C-AAD3-18BF3244EC46}.Debug|Any CPU.ActiveCfg = Debug|Any CPU
		{FFCC42F6-F42E-4C1C-AAD3-18BF3244EC46}.Debug|Any CPU.Build.0 = Debug|Any CPU
		{FFCC42F6-F42E-4C1C-AAD3-18BF3244EC46}.Release|Any CPU.ActiveCfg = Release|Any CPU
		{FFCC42F6-F42E-4C1C-AAD3-18BF3244EC46}.Release|Any CPU.Build.0 = Release|Any CPU
		{8052DA29-A2F8-4583-BA2E-CEA49B8F63C2}.Debug|Any CPU.ActiveCfg = Debug|Any CPU
		{8052DA29-A2F8-4583-BA2E-CEA49B8F63C2}.Debug|Any CPU.Build.0 = Debug|Any CPU
		{8052DA29-A2F8-4583-BA2E-CEA49B8F63C2}.Release|Any CPU.ActiveCfg = Release|Any CPU
		{8052DA29-A2F8-4583-BA2E-CEA49B8F63C2}.Release|Any CPU.Build.0 = Release|Any CPU
		{76D416DA-32FA-4408-AEA5-9E751BB83D31}.Debug|Any CPU.ActiveCfg = Debug|Any CPU
		{76D416DA-32FA-4408-AEA5-9E751BB83D31}.Debug|Any CPU.Build.0 = Debug|Any CPU
		{76D416DA-32FA-4408-AEA5-9E751BB83D31}.Release|Any CPU.ActiveCfg = Release|Any CPU
		{76D416DA-32FA-4408-AEA5-9E751BB83D31}.Release|Any CPU.Build.0 = Release|Any CPU
	EndGlobalSection
	GlobalSection(SolutionProperties) = preSolution
		HideSolutionNode = FALSE
	EndGlobalSection
EndGlobal
